// !$*UTF8*$!
{
	classes = {
	};
	objectVersion = 77;
	archiveVersion = 1;
	objects = {
		BA4C00000000000000000001 = {
			path = "../../04-docs/plans/ios-native-2026-09-09";
			isa = PBXGroup;
			name = Planning;
			children = (
				BA4C00000000000000000002,
				BA4C00000000000000000003,
				BA4C00000000000000000004,
			);
			sourceTree = "<group>";
		};
		8B2A66B92FD504090093FDAD = {
			isa = PBXFrameworksBuildPhase;
			buildActionMask = 2147483647;
			files = (
				BA4C10000000000000000017,
			);
			runOnlyForDeploymentPostprocessing = 0;
		};
		8B2A66BD2FD504090093FDAD = {
			isa = PBXGroup;
			name = Products;
			children = (
				8B2A66BC2FD504090093FDAD,
				BA4C10000000000000000019,
				BA4C10000000000000000024,
			);
			sourceTree = "<group>";
		};
		8B2A66BA2FD504090093FDAD = {
			isa = PBXResourcesBuildPhase;
			buildActionMask = 2147483647;
			files = (
			);
			runOnlyForDeploymentPostprocessing = 0;
		};
		8B2A66BE2FD504090093FDAD = {
			isa = PBXFileSystemSynchronizedRootGroup;
			path = BarkRanger;
			sourceTree = "<group>";
		};
		BA4C00000000000000000002 = {
			path = IMPLEMENTATION_PHASES.md;
			isa = PBXFileReference;
			lastKnownFileType = net.daringfireball.markdown;
			sourceTree = "<group>";
		};
		8B2A66C52FD5040A0093FDAD = {
			isa = XCBuildConfiguration;
			buildSettings = {
				CLANG_WARN_RANGE_LOOP_ANALYSIS = YES;
				ASSETCATALOG_COMPILER_GENERATE_SWIFT_ASSET_SYMBOL_EXTENSIONS = YES;
				CLANG_WARN_INFINITE_RECURSION = YES;
				ONLY_ACTIVE_ARCH = YES;
				GCC_WARN_UNUSED_VARIABLE = YES;
				CLANG_WARN_BLOCK_CAPTURE_AUTORELEASING = YES;
				CLANG_WARN_UNGUARDED_AVAILABILITY = YES_AGGRESSIVE;
				COPY_PHASE_STRIP = NO;
				CLANG_WARN_BOOL_CONVERSION = YES;
				CLANG_WARN_ENUM_CONVERSION = YES;
				CLANG_WARN_DEPRECATED_OBJC_IMPLEMENTATIONS = YES;
				CLANG_WARN_COMMA = YES;
				CLANG_WARN_INT_CONVERSION = YES;
				ENABLE_STRICT_OBJC_MSGSEND = YES;
				CLANG_WARN_DOCUMENTATION_COMMENTS = YES;
				CLANG_WARN_SUSPICIOUS_MOVE = YES;
				SDKROOT = iphoneos;
				CLANG_WARN_EMPTY_BODY = YES;
				MTL_ENABLE_DEBUG_INFO = INCLUDE_SOURCE;
				MTL_FAST_MATH = YES;
				CLANG_ENABLE_OBJC_ARC = YES;
				GCC_WARN_UNINITIALIZED_AUTOS = YES_AGGRESSIVE;
				GCC_C_LANGUAGE_STANDARD = gnu17;
				CLANG_ENABLE_MODULES = YES;
				ALWAYS_SEARCH_USER_PATHS = NO;
				CLANG_WARN_DIRECT_OBJC_ISA_USAGE = YES_ERROR;
				CLANG_WARN_CONSTANT_CONVERSION = YES;
				GCC_NO_COMMON_BLOCKS = YES;
				CLANG_WARN_OBJC_IMPLICIT_RETAIN_SELF = YES;
				CLANG_WARN_OBJC_ROOT_CLASS = YES_ERROR;
				CLANG_CXX_LANGUAGE_STANDARD = "gnu++20";
				GCC_WARN_64_TO_32_BIT_CONVERSION = YES;
				CLANG_WARN__DUPLICATE_METHOD_MATCH = YES;
				GCC_DYNAMIC_NO_PIC = NO;
				DEBUG_INFORMATION_FORMAT = dwarf;
				GCC_WARN_UNDECLARED_SELECTOR = YES;
				CLANG_ANALYZER_NONNULL = YES;
				CLANG_ANALYZER_NUMBER_OBJECT_CONVERSION = YES_AGGRESSIVE;
				CLANG_WARN_QUOTED_INCLUDE_IN_FRAMEWORK_HEADER = YES;
				CLANG_ENABLE_OBJC_WEAK = YES;
				CLANG_WARN_STRICT_PROTOTYPES = YES;
				GCC_OPTIMIZATION_LEVEL = 0;
				ENABLE_USER_SCRIPT_SANDBOXING = YES;
				GCC_WARN_ABOUT_RETURN_TYPE = YES_ERROR;
				GCC_WARN_UNUSED_FUNCTION = YES;
				CLANG_WARN_UNREACHABLE_CODE = YES;
				CLANG_WARN_NON_LITERAL_NULL_CONVERSION = YES;
				GCC_PREPROCESSOR_DEFINITIONS = (
					"DEBUG=1",
					"$(inherited)",
				);
				CLANG_WARN_OBJC_LITERAL_CONVERSION = YES;
			};
			name = Debug;
			baseConfigurationReference = BA4C1000000000000000000C;
		};
		8B2A66C62FD5040A0093FDAD = {
			isa = XCBuildConfiguration;
			buildSettings = {
				CLANG_WARN_DOCUMENTATION_COMMENTS = YES;
				CLANG_WARN_UNGUARDED_AVAILABILITY = YES_AGGRESSIVE;
				CLANG_WARN_DIRECT_OBJC_ISA_USAGE = YES_ERROR;
				CLANG_ENABLE_OBJC_ARC = YES;
				CLANG_WARN_SUSPICIOUS_MOVE = YES;
				CLANG_WARN__DUPLICATE_METHOD_MATCH = YES;
				CLANG_ENABLE_OBJC_WEAK = YES;
				ENABLE_NS_ASSERTIONS = NO;
				CLANG_WARN_INFINITE_RECURSION = YES;
				GCC_WARN_UNDECLARED_SELECTOR = YES;
				CLANG_ANALYZER_NUMBER_OBJECT_CONVERSION = YES_AGGRESSIVE;
				SDKROOT = iphoneos;
				CLANG_CXX_LANGUAGE_STANDARD = "gnu++20";
				CLANG_WARN_BOOL_CONVERSION = YES;
				CLANG_WARN_UNREACHABLE_CODE = YES;
				ENABLE_STRICT_OBJC_MSGSEND = YES;
				CLANG_ANALYZER_NONNULL = YES;
				CLANG_WARN_BLOCK_CAPTURE_AUTORELEASING = YES;
				CLANG_WARN_STRICT_PROTOTYPES = YES;
				CLANG_WARN_ENUM_CONVERSION = YES;
				CLANG_WARN_QUOTED_INCLUDE_IN_FRAMEWORK_HEADER = YES;
				GCC_WARN_64_TO_32_BIT_CONVERSION = YES;
				ASSETCATALOG_COMPILER_GENERATE_SWIFT_ASSET_SYMBOL_EXTENSIONS = YES;
				CLANG_WARN_EMPTY_BODY = YES;
				GCC_WARN_ABOUT_RETURN_TYPE = YES_ERROR;
				GCC_WARN_UNINITIALIZED_AUTOS = YES_AGGRESSIVE;
				CLANG_WARN_COMMA = YES;
				GCC_C_LANGUAGE_STANDARD = gnu17;
				GCC_WARN_UNUSED_VARIABLE = YES;
				CLANG_WARN_RANGE_LOOP_ANALYSIS = YES;
				CLANG_ENABLE_MODULES = YES;
				CLANG_WARN_INT_CONVERSION = YES;
				ALWAYS_SEARCH_USER_PATHS = NO;
				CLANG_WARN_OBJC_ROOT_CLASS = YES_ERROR;
				CLANG_WARN_DEPRECATED_OBJC_IMPLEMENTATIONS = YES;
				COPY_PHASE_STRIP = NO;
				CLANG_WARN_CONSTANT_CONVERSION = YES;
				ENABLE_USER_SCRIPT_SANDBOXING = YES;
				GCC_NO_COMMON_BLOCKS = YES;
				MTL_ENABLE_DEBUG_INFO = NO;
				CLANG_WARN_NON_LITERAL_NULL_CONVERSION = YES;
				MTL_FAST_MATH = YES;
				VALIDATE_PRODUCT = YES;
				GCC_WARN_UNUSED_FUNCTION = YES;
				CLANG_WARN_OBJC_LITERAL_CONVERSION = YES;
				DEBUG_INFORMATION_FORMAT = "dwarf-with-dsym";
				CLANG_WARN_OBJC_IMPLICIT_RETAIN_SELF = YES;
			};
			name = Release;
			baseConfigurationReference = BA4C1000000000000000000D;
		};
		8B2A66C92FD5040A0093FDAD = {
			isa = XCBuildConfiguration;
			buildSettings = {
				ASSETCATALOG_COMPILER_APPICON_NAME = AppIcon;
				ASSETCATALOG_COMPILER_GLOBAL_ACCENT_COLOR_NAME = AccentColor;
				CODE_SIGN_STYLE = Automatic;
				CURRENT_PROJECT_VERSION = 3;
				DEVELOPMENT_TEAM = "$(BARK_DEVELOPMENT_TEAM)";
				ENABLE_PREVIEWS = YES;
				GENERATE_INFOPLIST_FILE = YES;
				INFOPLIST_FILE = Config/Info.plist;
				INFOPLIST_KEY_UIApplicationSceneManifest_Generation = NO;
				INFOPLIST_KEY_UILaunchScreen_Generation = NO;
				LD_RUNPATH_SEARCH_PATHS = (
					"$(inherited)",
					"@executable_path/Frameworks",
				);
				MARKETING_VERSION = 0.2.1;
				PRODUCT_BUNDLE_IDENTIFIER = swarm.USBARKRANGERS;
				PRODUCT_NAME = "$(TARGET_NAME)";
				STRING_CATALOG_GENERATE_SYMBOLS = YES;
			};
			name = Release;
		};
		BA4C00000000000000000003 = {
			path = prompts/PHASE_1_FOUNDATION.md;
			isa = PBXFileReference;
			lastKnownFileType = net.daringfireball.markdown;
			sourceTree = "<group>";
		};
		8B2A66B32FD504090093FDAD = {
			isa = PBXGroup;
			sourceTree = "<group>";
			children = (
				8B2A66BE2FD504090093FDAD,
				BA4C10000000000000000010,
				BA4C10000000000000000011,
				BA4C10000000000000000023,
				BA4C10000000000000000018,
				BA4C00000000000000000001,
				8B2A66BD2FD504090093FDAD,
				BA4C10000000000000000012,
				BA4C10000000000000000013,
				BA4C10000000000000000014,
			);
		};
		8B2A66BB2FD504090093FDAD = {
			dependencies = (
			);
			buildConfigurationList = 8B2A66C72FD5040A0093FDAD;
			productReference = 8B2A66BC2FD504090093FDAD;
			productType = "com.apple.product-type.application";
			packageProductDependencies = (
				BA4C10000000000000000016,
			);
			productName = BarkRanger;
			isa = PBXNativeTarget;
			fileSystemSynchronizedGroups = (
				8B2A66BE2FD504090093FDAD,
			);
			buildPhases = (
				8B2A66B82FD504090093FDAD,
				8B2A66B92FD504090093FDAD,
				8B2A66BA2FD504090093FDAD,
			);
			name = BarkRanger;
			buildRules = (
			);
		};
		8B2A66B72FD504090093FDAD = {
			isa = XCConfigurationList;
			defaultConfigurationIsVisible = 0;
			defaultConfigurationName = Release;
			buildConfigurations = (
				8B2A66C52FD5040A0093FDAD,
				8B2A66C62FD5040A0093FDAD,
			);
		};
		8B2A66B42FD504090093FDAD = {
			buildConfigurationList = 8B2A66B72FD504090093FDAD;
			targets = (
				8B2A66BB2FD504090093FDAD,
				BA4C10000000000000000022,
				BA4C1000000000000000002D,
			);
			minimizedProjectReferenceProxies = 1;
			developmentRegion = en;
			knownRegions = (
				en,
				Base,
			);
			isa = PBXProject;
			productRefGroup = 8B2A66BD2FD504090093FDAD;
			projectDirPath = "";
			attributes = {
				LastSwiftUpdateCheck = 2650;
				BuildIndependentTargetsInParallel = 1;
				LastUpgradeCheck = 2660;
				TargetAttributes = {
					8B2A66BB2FD504090093FDAD = {
						CreatedOnToolsVersion = 26.5;
					};
					BA4C10000000000000000022 = {
						CreatedOnToolsVersion = 26.6;
						TestTargetID = 8B2A66BB2FD504090093FDAD;
					};
					BA4C1000000000000000002D = {
						CreatedOnToolsVersion = 26.6;
						TestTargetID = 8B2A66BB2FD504090093FDAD;
					};
				};
			};
			hasScannedForEncodings = 0;
			projectRoot = "";
			preferredProjectObjectVersion = 77;
			mainGroup = 8B2A66B32FD504090093FDAD;
			packageReferences = (
				BA4C10000000000000000015,
			);
		};
		BA4C00000000000000000004 = {
			path = SWIFT_FILE_MAP.md;
			isa = PBXFileReference;
			lastKnownFileType = net.daringfireball.markdown;
			sourceTree = "<group>";
		};
		8B2A66BC2FD504090093FDAD = {
			path = BarkRanger.app;
			isa = PBXFileReference;
			includeInIndex = 0;
			explicitFileType = wrapper.application;
			sourceTree = BUILT_PRODUCTS_DIR;
		};
		8B2A66B82FD504090093FDAD = {
			isa = PBXSourcesBuildPhase;
			buildActionMask = 2147483647;
			files = (
			);
			runOnlyForDeploymentPostprocessing = 0;
		};
		8B2A66C82FD5040A0093FDAD = {
			isa = XCBuildConfiguration;
			buildSettings = {
				ASSETCATALOG_COMPILER_APPICON_NAME = AppIcon;
				ASSETCATALOG_COMPILER_GLOBAL_ACCENT_COLOR_NAME = AccentColor;
				CODE_SIGN_STYLE = Automatic;
				CURRENT_PROJECT_VERSION = 3;
				DEVELOPMENT_TEAM = "$(BARK_DEVELOPMENT_TEAM)";
				ENABLE_PREVIEWS = YES;
				GENERATE_INFOPLIST_FILE = YES;
				INFOPLIST_FILE = Config/Info.plist;
				INFOPLIST_KEY_UIApplicationSceneManifest_Generation = NO;
				INFOPLIST_KEY_UILaunchScreen_Generation = NO;
				LD_RUNPATH_SEARCH_PATHS = (
					"$(inherited)",
					"@executable_path/Frameworks",
				);
				MARKETING_VERSION = 0.2.1;
				PRODUCT_BUNDLE_IDENTIFIER = swarm.USBARKRANGERS;
				PRODUCT_NAME = "$(TARGET_NAME)";
				STRING_CATALOG_GENERATE_SYMBOLS = YES;
			};
			name = Debug;
		};
		8B2A66C72FD5040A0093FDAD = {
			isa = XCConfigurationList;
			defaultConfigurationIsVisible = 0;
			defaultConfigurationName = Release;
			buildConfigurations = (
				8B2A66C82FD5040A0093FDAD,
				8B2A66C92FD5040A0093FDAD,
			);
		};
		BA4C1000000000000000000B = {
			isa = PBXFileReference;
			path = Base.xcconfig;
			sourceTree = "<group>";
			lastKnownFileType = text.xcconfig;
		};
		BA4C1000000000000000000C = {
			isa = PBXFileReference;
			path = Debug.xcconfig;
			sourceTree = "<group>";
			lastKnownFileType = text.xcconfig;
		};
		BA4C1000000000000000000D = {
			isa = PBXFileReference;
			path = Release.xcconfig;
			sourceTree = "<group>";
			lastKnownFileType = text.xcconfig;
		};
		BA4C1000000000000000000E = {
			isa = PBXFileReference;
			path = Info.plist;
			sourceTree = "<group>";
			lastKnownFileType = text.plist.xml;
		};
		BA4C1000000000000000000F = {
			isa = PBXFileReference;
			path = README.md;
			sourceTree = "<group>";
			lastKnownFileType = net.daringfireball.markdown;
		};
		BA4C10000000000000000010 = {
			isa = PBXGroup;
			path = Config;
			sourceTree = "<group>";
			children = (
				BA4C1000000000000000000B,
				BA4C1000000000000000000C,
				BA4C1000000000000000000D,
				BA4C1000000000000000000E,
				BA4C1000000000000000000F,
			);
		};
		BA4C10000000000000000011 = {
			isa = PBXFileReference;
			path = Packages/BarkDomain;
			sourceTree = "<group>";
			lastKnownFileType = wrapper;
		};
		BA4C10000000000000000012 = {
			isa = PBXFileReference;
			path = README.md;
			sourceTree = "<group>";
			lastKnownFileType = net.daringfireball.markdown;
		};
		BA4C10000000000000000013 = {
			isa = PBXFileReference;
			path = ARCHITECTURE.md;
			sourceTree = "<group>";
			lastKnownFileType = net.daringfireball.markdown;
		};
		BA4C10000000000000000014 = {
			isa = PBXFileReference;
			path = CONTRIBUTING.md;
			sourceTree = "<group>";
			lastKnownFileType = net.daringfireball.markdown;
		};
		BA4C10000000000000000015 = {
			isa = XCLocalSwiftPackageReference;
			relativePath = Packages/BarkDomain;
		};
		BA4C10000000000000000016 = {
			isa = XCSwiftPackageProductDependency;
			package = BA4C10000000000000000015;
			productName = BarkDomain;
		};
		BA4C10000000000000000017 = {
			isa = PBXBuildFile;
			productRef = BA4C10000000000000000016;
		};
		BA4C10000000000000000018 = {
			isa = PBXFileSystemSynchronizedRootGroup;
			path = BarkRangerTests;
			sourceTree = "<group>";
		};
		BA4C10000000000000000019 = {
			isa = PBXFileReference;
			explicitFileType = wrapper.cfbundle;
			includeInIndex = 0;
			path = BarkRangerTests.xctest;
			sourceTree = BUILT_PRODUCTS_DIR;
		};
		BA4C1000000000000000001A = {
			isa = PBXSourcesBuildPhase;
			buildActionMask = 2147483647;
			files = (
			);
			runOnlyForDeploymentPostprocessing = 0;
		};
		BA4C1000000000000000001B = {
			isa = PBXFrameworksBuildPhase;
			buildActionMask = 2147483647;
			files = (
			);
			runOnlyForDeploymentPostprocessing = 0;
		};
		BA4C1000000000000000001C = {
			isa = PBXResourcesBuildPhase;
			buildActionMask = 2147483647;
			files = (
			);
			runOnlyForDeploymentPostprocessing = 0;
		};
		BA4C1000000000000000001D = {
			isa = PBXContainerItemProxy;
			containerPortal = 8B2A66B42FD504090093FDAD;
			proxyType = 1;
			remoteGlobalIDString = 8B2A66BB2FD504090093FDAD;
			remoteInfo = BarkRanger;
		};
		BA4C1000000000000000001E = {
			isa = PBXTargetDependency;
			target = 8B2A66BB2FD504090093FDAD;
			targetProxy = BA4C1000000000000000001D;
		};
		BA4C1000000000000000001F = {
			isa = XCBuildConfiguration;
			buildSettings = {
				CODE_SIGN_STYLE = Automatic;
				GENERATE_INFOPLIST_FILE = YES;
				PRODUCT_BUNDLE_IDENTIFIER = swarm.USBARKRANGERS.Tests;
				PRODUCT_NAME = "$(TARGET_NAME)";
				DEVELOPMENT_TEAM = "$(BARK_DEVELOPMENT_TEAM)";
				LD_RUNPATH_SEARCH_PATHS = (
					"$(inherited)",
					"@executable_path/Frameworks",
					"@loader_path/Frameworks",
				);
				TEST_HOST = "$(BUILT_PRODUCTS_DIR)/BarkRanger.app/BarkRanger";
				BUNDLE_LOADER = "$(TEST_HOST)";
			};
			name = Debug;
		};
		BA4C10000000000000000020 = {
			isa = XCBuildConfiguration;
			buildSettings = {
				CODE_SIGN_STYLE = Automatic;
				GENERATE_INFOPLIST_FILE = YES;
				PRODUCT_BUNDLE_IDENTIFIER = swarm.USBARKRANGERS.Tests;
				PRODUCT_NAME = "$(TARGET_NAME)";
				DEVELOPMENT_TEAM = "$(BARK_DEVELOPMENT_TEAM)";
				LD_RUNPATH_SEARCH_PATHS = (
					"$(inherited)",
					"@executable_path/Frameworks",
					"@loader_path/Frameworks",
				);
				TEST_HOST = "$(BUILT_PRODUCTS_DIR)/BarkRanger.app/BarkRanger";
				BUNDLE_LOADER = "$(TEST_HOST)";
			};
			name = Release;
		};
		BA4C10000000000000000021 = {
			isa = XCConfigurationList;
			buildConfigurations = (
				BA4C1000000000000000001F,
				BA4C10000000000000000020,
			);
			defaultConfigurationIsVisible = 0;
			defaultConfigurationName = Release;
		};
		BA4C10000000000000000022 = {
			isa = PBXNativeTarget;
			name = BarkRangerTests;
			productName = BarkRangerTests;
			productReference = BA4C10000000000000000019;
			productType = "com.apple.product-type.bundle.unit-test";
			buildConfigurationList = BA4C10000000000000000021;
			buildPhases = (
				BA4C1000000000000000001A,
				BA4C1000000000000000001B,
				BA4C1000000000000000001C,
			);
			buildRules = (
			);
			dependencies = (
				BA4C1000000000000000001E,
			);
			fileSystemSynchronizedGroups = (
				BA4C10000000000000000018,
			);
		};
		BA4C10000000000000000023 = {
			isa = PBXFileSystemSynchronizedRootGroup;
			path = BarkRangerUITests;
			sourceTree = "<group>";
		};
		BA4C10000000000000000024 = {
			isa = PBXFileReference;
			explicitFileType = wrapper.cfbundle;
			includeInIndex = 0;
			path = BarkRangerUITests.xctest;
			sourceTree = BUILT_PRODUCTS_DIR;
		};
		BA4C10000000000000000025 = {
			isa = PBXSourcesBuildPhase;
			buildActionMask = 2147483647;
			files = (
			);
			runOnlyForDeploymentPostprocessing = 0;
		};
		BA4C10000000000000000026 = {
			isa = PBXFrameworksBuildPhase;
			buildActionMask = 2147483647;
			files = (
			);
			runOnlyForDeploymentPostprocessing = 0;
		};
		BA4C10000000000000000027 = {
			isa = PBXResourcesBuildPhase;
			buildActionMask = 2147483647;
			files = (
			);
			runOnlyForDeploymentPostprocessing = 0;
		};
		BA4C10000000000000000028 = {
			isa = PBXContainerItemProxy;
			containerPortal = 8B2A66B42FD504090093FDAD;
			proxyType = 1;
			remoteGlobalIDString = 8B2A66BB2FD504090093FDAD;
			remoteInfo = BarkRanger;
		};
		BA4C10000000000000000029 = {
			isa = PBXTargetDependency;
			target = 8B2A66BB2FD504090093FDAD;
			targetProxy = BA4C10000000000000000028;
		};
		BA4C1000000000000000002A = {
			isa = XCBuildConfiguration;
			buildSettings = {
				CODE_SIGN_STYLE = Automatic;
				GENERATE_INFOPLIST_FILE = YES;
				PRODUCT_BUNDLE_IDENTIFIER = swarm.USBARKRANGERS.UITests;
				PRODUCT_NAME = "$(TARGET_NAME)";
				DEVELOPMENT_TEAM = "$(BARK_DEVELOPMENT_TEAM)";
				LD_RUNPATH_SEARCH_PATHS = (
					"$(inherited)",
					"@executable_path/Frameworks",
					"@loader_path/Frameworks",
				);
				TEST_TARGET_NAME = BarkRanger;
			};
			name = Debug;
		};
		BA4C1000000000000000002B = {
			isa = XCBuildConfiguration;
			buildSettings = {
				CODE_SIGN_STYLE = Automatic;
				GENERATE_INFOPLIST_FILE = YES;
				PRODUCT_BUNDLE_IDENTIFIER = swarm.USBARKRANGERS.UITests;
				PRODUCT_NAME = "$(TARGET_NAME)";
				DEVELOPMENT_TEAM = "$(BARK_DEVELOPMENT_TEAM)";
				LD_RUNPATH_SEARCH_PATHS = (
					"$(inherited)",
					"@executable_path/Frameworks",
					"@loader_path/Frameworks",
				);
				TEST_TARGET_NAME = BarkRanger;
			};
			name = Release;
		};
		BA4C1000000000000000002C = {
			isa = XCConfigurationList;
			buildConfigurations = (
				BA4C1000000000000000002A,
				BA4C1000000000000000002B,
			);
			defaultConfigurationIsVisible = 0;
			defaultConfigurationName = Release;
		};
		BA4C1000000000000000002D = {
			isa = PBXNativeTarget;
			name = BarkRangerUITests;
			productName = BarkRangerUITests;
			productReference = BA4C10000000000000000024;
			productType = "com.apple.product-type.bundle.ui-testing";
			buildConfigurationList = BA4C1000000000000000002C;
			buildPhases = (
				BA4C10000000000000000025,
				BA4C10000000000000000026,
				BA4C10000000000000000027,
			);
			buildRules = (
			);
			dependencies = (
				BA4C10000000000000000029,
			);
			fileSystemSynchronizedGroups = (
				BA4C10000000000000000023,
			);
		};
	};
	rootObject = 8B2A66B42FD504090093FDAD;
}
